
Microsoft Visual Studio Solution File, Format Version 12.00
# Visual Studio Version 16
VisualStudioVersion = 16.0.32228.343
MinimumVisualStudioVersion = 10.0.40219.1
Project("{FAE04EC0-301F-11D3-BF4B-00C04F79EFBC}") = "MainProject", "MainProject\MainProject.csproj", "{209F233A-E146-455C-9565-39CE33700EE1}"
EndProject
Global
	GlobalSection(SolutionConfigurationPlatforms) = preSolution
		Debug|Any CPU = Debug|Any CPU
		Release|Any CPU = Release|Any CPU
	EndGlobalSection
	GlobalSection(ProjectConfigurationPlatforms) = postSolution
		{209F233A-E146-455C-9565-39CE33700EE1}.Debug|Any CPU.ActiveCfg = Debug|Any CPU
		{209F233A-E146-455C-9565-39CE33700EE1}.Debug|Any CPU.Build.0 = Debug|Any CPU
		{209F233A-E146-455C-9565-39CE33700EE1}.Release|Any CPU.ActiveCfg = Release|Any CPU
		{209F233A-E146-455C-9565-39CE33700EE1}.Release|Any CPU.Build.0 = Release|Any CPU
	EndGlobalSection
	GlobalSection(SolutionProperties) = preSolution
		HideSolutionNode = FALSE
	EndGlobalSection
	GlobalSection(ExtensibilityGlobals) = postSolution
		SolutionGuid = {6082833C-FE91-49BD-945B-BCB9F346BD67}
	EndGlobalSection
EndGlobal
